// !$*UTF8*$!
{
	archiveVersion = 1;
	classes = {
	};
	objectVersion = 55;
	objects = {

/* Begin PBXBuildFile section */
		C21A167527BCCDF30053DB67 /* WordleApp.swift in Sources */ = {isa = PBXBuildFile; fileRef = C21A167427BCCDF30053DB67 /* WordleApp.swift */; };
		C21A167727BCCDF30053DB67 /* ContentView.swift in Sources */ = {isa = PBXBuildFile; fileRef = C21A167627BCCDF30053DB67 /* ContentView.swift */; };
		C21A167927BCCDF40053DB67 /* Assets.xcassets in Resources */ = {isa = PBXBuildFile; fileRef = C21A167827BCCDF40053DB67 /* Assets.xcassets */; };
		C21A167C27BCCDF40053DB67 /* Preview Assets.xcassets in Resources */ = {isa = PBXBuildFile; fileRef = C21A167B27BCCDF40053DB67 /* Preview Assets.xcassets */; };
		C21A168A27BCD2F70053DB67 /* KeyCap.swift in Sources */ = {isa = PBXBuildFile; fileRef = C21A168927BCD2F70053DB67 /* KeyCap.swift */; };
		C2D684D127C4870E00754AE9 /* GameView.swift in Sources */ = {isa = PBXBuildFile; fileRef = C2D684D027C4870E00754AE9 /* GameView.swift */; };
		C2D684D327C488CB00754AE9 /* Color.Generated.swift in Sources */ = {isa = PBXBuildFile; fileRef = C2D684D227C488CB00754AE9 /* Color.Generated.swift */; };
		C2D684D527C488D700754AE9 /* Image.Generated.swift in Sources */ = {isa = PBXBuildFile; fileRef = C2D684D427C488D700754AE9 /* Image.Generated.swift */; };
		C2D684D927C48A5000754AE9 /* Guess.swift in Sources */ = {isa = PBXBuildFile; fileRef = C2D684D827C48A5000754AE9 /* Guess.swift */; };
		C2D684DD27C48CB800754AE9 /* Cardify.swift in Sources */ = {isa = PBXBuildFile; fileRef = C2D684DC27C48CB800754AE9 /* Cardify.swift */; };
		C2D684DF27C4A90F00754AE9 /* GameBoard.swift in Sources */ = {isa = PBXBuildFile; fileRef = C2D684DE27C4A90F00754AE9 /* GameBoard.swift */; };
		C2D684E227C4AABC00754AE9 /* String+Extensions.swift in Sources */ = {isa = PBXBuildFile; fileRef = C2D684E127C4AABC00754AE9 /* String+Extensions.swift */; };
		C2D684E527C4AC1100754AE9 /* GameBoardViewModel.swift in Sources */ = {isa = PBXBuildFile; fileRef = C2D684E427C4AC1100754AE9 /* GameBoardViewModel.swift */; };
		C2D684E727C4ACB200754AE9 /* GuessView.swift in Sources */ = {isa = PBXBuildFile; fileRef = C2D684E627C4ACB200754AE9 /* GuessView.swift */; };
		C2D684EA27C4BA8100754AE9 /* Keyboard.swift in Sources */ = {isa = PBXBuildFile; fileRef = C2D684E927C4BA8100754AE9 /* Keyboard.swift */; };
		C2D684EC27C4C89900754AE9 /* wordle.txt in Resources */ = {isa = PBXBuildFile; fileRef = C2D684EB27C4C89900754AE9 /* wordle.txt */; };
		C2D684EE27C4C8C200754AE9 /* PuzzleLoader.swift in Sources */ = {isa = PBXBuildFile; fileRef = C2D684ED27C4C8C200754AE9 /* PuzzleLoader.swift */; };
		C2D684F027C4C97400754AE9 /* GameViewModel.swift in Sources */ = {isa = PBXBuildFile; fileRef = C2D684EF27C4C97400754AE9 /* GameViewModel.swift */; };
/* End PBXBuildFile section */

/* Begin PBXFileReference section */
		C21A167127BCCDF30053DB67 /* Wordle.app */ = {isa = PBXFileReference; explicitFileType = wrapper.application; includeInIndex = 0; path = Wordle.app; sourceTree = BUILT_PRODUCTS_DIR; };
		C21A167427BCCDF30053DB67 /* WordleApp.swift */ = {isa = PBXFileReference; lastKnownFileType = sourcecode.swift; path = WordleApp.swift; sourceTree = "<group>"; };
		C21A167627BCCDF30053DB67 /* ContentView.swift */ = {isa = PBXFileReference; lastKnownFileType = sourcecode.swift; path = ContentView.swift; sourceTree = "<group>"; };
		C21A167827BCCDF40053DB67 /* Assets.xcassets */ = {isa = PBXFileReference; lastKnownFileType = folder.assetcatalog; path = Assets.xcassets; sourceTree = "<group>"; };
		C21A167B27BCCDF40053DB67 /* Preview Assets.xcassets */ = {isa = PBXFileReference; lastKnownFileType = folder.assetcatalog; path = "Preview Assets.xcassets"; sourceTree = "<group>"; };
		C21A168927BCD2F70053DB67 /* KeyCap.swift */ = {isa = PBXFileReference; lastKnownFileType = sourcecode.swift; path = KeyCap.swift; sourceTree = "<group>"; };
		C2D684D027C4870E00754AE9 /* GameView.swift */ = {isa = PBXFileReference; lastKnownFileType = sourcecode.swift; path = GameView.swift; sourceTree = "<group>"; };
		C2D684D227C488CB00754AE9 /* Color.Generated.swift */ = {isa = PBXFileReference; lastKnownFileType = sourcecode.swift; path = Color.Generated.swift; sourceTree = "<group>"; };
		C2D684D427C488D700754AE9 /* Image.Generated.swift */ = {isa = PBXFileReference; lastKnownFileType = sourcecode.swift; path = Image.Generated.swift; sourceTree = "<group>"; };
		C2D684D827C48A5000754AE9 /* Guess.swift */ = {isa = PBXFileReference; lastKnownFileType = sourcecode.swift; path = Guess.swift; sourceTree = "<group>"; };
		C2D684DC27C48CB800754AE9 /* Cardify.swift */ = {isa = PBXFileReference; lastKnownFileType = sourcecode.swift; path = Cardify.swift; sourceTree = "<group>"; };
		C2D684DE27C4A90F00754AE9 /* GameBoard.swift */ = {isa = PBXFileReference; lastKnownFileType = sourcecode.swift; path = GameBoard.swift; sourceTree = "<group>"; };
		C2D684E127C4AABC00754AE9 /* String+Extensions.swift */ = {isa = PBXFileReference; lastKnownFileType = sourcecode.swift; path = "String+Extensions.swift"; sourceTree = "<group>"; };
		C2D684E427C4AC1100754AE9 /* GameBoardViewModel.swift */ = {isa = PBXFileReference; lastKnownFileType = sourcecode.swift; path = GameBoardViewModel.swift; sourceTree = "<group>"; };
		C2D684E627C4ACB200754AE9 /* GuessView.swift */ = {isa = PBXFileReference; lastKnownFileType = sourcecode.swift; path = GuessView.swift; sourceTree = "<group>"; };
		C2D684E927C4BA8100754AE9 /* Keyboard.swift */ = {isa = PBXFileReference; lastKnownFileType = sourcecode.swift; path = Keyboard.swift; sourceTree = "<group>"; };
		C2D684EB27C4C89900754AE9 /* wordle.txt */ = {isa = PBXFileReference; fileEncoding = 4; lastKnownFileType = text; path = wordle.txt; sourceTree = "<group>"; };
		C2D684ED27C4C8C200754AE9 /* PuzzleLoader.swift */ = {isa = PBXFileReference; lastKnownFileType = sourcecode.swift; path = PuzzleLoader.swift; sourceTree = "<group>"; };
		C2D684EF27C4C97400754AE9 /* GameViewModel.swift */ = {isa = PBXFileReference; lastKnownFileType = sourcecode.swift; path = GameViewModel.swift; sourceTree = "<group>"; };
/* End PBXFileReference section */

/* Begin PBXFrameworksBuildPhase section */
		C21A166E27BCCDF30053DB67 /* Frameworks */ = {
			isa = PBXFrameworksBuildPhase;
			buildActionMask = 2147483647;
			files = (
			);
			runOnlyForDeploymentPostprocessing = 0;
		};
/* End PBXFrameworksBuildPhase section */

/* Begin PBXGroup section */
		C21A166827BCCDF30053DB67 = {
			isa = PBXGroup;
			children = (
				C21A167327BCCDF30053DB67 /* Wordle */,
				C21A167227BCCDF30053DB67 /* Products */,
			);
			sourceTree = "<group>";
		};
		C21A167227BCCDF30053DB67 /* Products */ = {
			isa = PBXGroup;
			children = (
				C21A167127BCCDF30053DB67 /* Wordle.app */,
			);
			name = Products;
			sourceTree = "<group>";
		};
		C21A167327BCCDF30053DB67 /* Wordle */ = {
			isa = PBXGroup;
			children = (
				C21A168227BCCE520053DB67 /* Resource */,
				C21A168327BCCE560053DB67 /* Source */,
				C21A167A27BCCDF40053DB67 /* Preview Content */,
			);
			path = Wordle;
			sourceTree = "<group>";
		};
		C21A167A27BCCDF40053DB67 /* Preview Content */ = {
			isa = PBXGroup;
			children = (
				C21A167B27BCCDF40053DB67 /* Preview Assets.xcassets */,
			);
			path = "Preview Content";
			sourceTree = "<group>";
		};
		C21A168227BCCE520053DB67 /* Resource */ = {
			isa = PBXGroup;
			children = (
				C2D684EB27C4C89900754AE9 /* wordle.txt */,
				C2D684D627C489B100754AE9 /* Generated */,
				C21A167827BCCDF40053DB67 /* Assets.xcassets */,
			);
			path = Resource;
			sourceTree = "<group>";
		};
		C21A168327BCCE560053DB67 /* Source */ = {
			isa = PBXGroup;
			children = (
				C2D684E027C4AA6400754AE9 /* Extensions */,
				C21A168427BCCE600053DB67 /* Application */,
				C2D684D727C48A4300754AE9 /* Model */,
				C21A168527BCCE640053DB67 /* View */,
				C21A168627BCCE750053DB67 /* Presentation */,
			);
			path = Source;
			sourceTree = "<group>";
		};
		C21A168427BCCE600053DB67 /* Application */ = {
			isa = PBXGroup;
			children = (
				C21A167427BCCDF30053DB67 /* WordleApp.swift */,
				C21A167627BCCDF30053DB67 /* ContentView.swift */,
			);
			path = Application;
			sourceTree = "<group>";
		};
		C21A168527BCCE640053DB67 /* View */ = {
			isa = PBXGroup;
			children = (
				C21A168927BCD2F70053DB67 /* KeyCap.swift */,
				C2D684DC27C48CB800754AE9 /* Cardify.swift */,
				C2D684E627C4ACB200754AE9 /* GuessView.swift */,
			);
			path = View;
			sourceTree = "<group>";
		};
		C21A168627BCCE750053DB67 /* Presentation */ = {
			isa = PBXGroup;
			children = (
				C2D684E827C4BA7800754AE9 /* Keyboard */,
				C2D684E327C4ABFF00754AE9 /* GameBoard */,
				C2D684D027C4870E00754AE9 /* GameView.swift */,
				C2D684EF27C4C97400754AE9 /* GameViewModel.swift */,
			);
			path = Presentation;
			sourceTree = "<group>";
		};
		C2D684D627C489B100754AE9 /* Generated */ = {
			isa = PBXGroup;
			children = (
				C2D684D227C488CB00754AE9 /* Color.Generated.swift */,
				C2D684D427C488D700754AE9 /* Image.Generated.swift */,
			);
			path = Generated;
			sourceTree = "<group>";
		};
		C2D684D727C48A4300754AE9 /* Model */ = {
			isa = PBXGroup;
			children = (
				C2D684D827C48A5000754AE9 /* Guess.swift */,
				C2D684ED27C4C8C200754AE9 /* PuzzleLoader.swift */,
			);
			path = Model;
			sourceTree = "<group>";
		};
		C2D684E027C4AA6400754AE9 /* Extensions */ = {
			isa = PBXGroup;
			children = (
				C2D684E127C4AABC00754AE9 /* String+Extensions.swift */,
			);
			path = Extensions;
			sourceTree = "<group>";
		};
		C2D684E327C4ABFF00754AE9 /* GameBoard */ = {
			isa = PBXGroup;
			children = (
				C2D684DE27C4A90F00754AE9 /* GameBoard.swift */,
				C2D684E427C4AC1100754AE9 /* GameBoardViewModel.swift */,
			);
			path = GameBoard;
			sourceTree = "<group>";
		};
		C2D684E827C4BA7800754AE9 /* Keyboard */ = {
			isa = PBXGroup;
			children = (
				C2D684E927C4BA8100754AE9 /* Keyboard.swift */,
			);
			path = Keyboard;
			sourceTree = "<group>";
		};
/* End PBXGroup section */

/* Begin PBXNativeTarget section */
		C21A167027BCCDF30053DB67 /* Wordle */ = {
			isa = PBXNativeTarget;
			buildConfigurationList = C21A167F27BCCDF40053DB67 /* Build configuration list for PBXNativeTarget "Wordle" */;
			buildPhases = (
				C21A166D27BCCDF30053DB67 /* Sources */,
				C21A166E27BCCDF30053DB67 /* Frameworks */,
				C21A166F27BCCDF30053DB67 /* Resources */,
			);
			buildRules = (
			);
			dependencies = (
			);
			name = Wordle;
			productName = Wordle;
			productReference = C21A167127BCCDF30053DB67 /* Wordle.app */;
			productType = "com.apple.product-type.application";
		};
/* End PBXNativeTarget section */

/* Begin PBXProject section */
		C21A166927BCCDF30053DB67 /* Project object */ = {
			isa = PBXProject;
			attributes = {
				BuildIndependentTargetsInParallel = 1;
				LastSwiftUpdateCheck = 1320;
				LastUpgradeCheck = 1320;
				TargetAttributes = {
					C21A167027BCCDF30053DB67 = {
						CreatedOnToolsVersion = 13.2.1;
					};
				};
			};
			buildConfigurationList = C21A166C27BCCDF30053DB67 /* Build configuration list for PBXProject "Wordle" */;
			compatibilityVersion = "Xcode 13.0";
			developmentRegion = en;
			hasScannedForEncodings = 0;
			knownRegions = (
				en,
				Base,
			);
			mainGroup = C21A166827BCCDF30053DB67;
			productRefGroup = C21A167227BCCDF30053DB67 /* Products */;
			projectDirPath = "";
			projectRoot = "";
			targets = (
				C21A167027BCCDF30053DB67 /* Wordle */,
			);
		};
/* End PBXProject section */

/* Begin PBXResourcesBuildPhase section */
		C21A166F27BCCDF30053DB67 /* Resources */ = {
			isa = PBXResourcesBuildPhase;
			buildActionMask = 2147483647;
			files = (
				C2D684EC27C4C89900754AE9 /* wordle.txt in Resources */,
				C21A167C27BCCDF40053DB67 /* Preview Assets.xcassets in Resources */,
				C21A167927BCCDF40053DB67 /* Assets.xcassets in Resources */,
			);
			runOnlyForDeploymentPostprocessing = 0;
		};
/* End PBXResourcesBuildPhase section */

/* Begin PBXSourcesBuildPhase section */
		C21A166D27BCCDF30053DB67 /* Sources */ = {
			isa = PBXSourcesBuildPhase;
			buildActionMask = 2147483647;
			files = (
				C2D684EE27C4C8C200754AE9 /* PuzzleLoader.swift in Sources */,
				C2D684E227C4AABC00754AE9 /* String+Extensions.swift in Sources */,
				C2D684D927C48A5000754AE9 /* Guess.swift in Sources */,
				C2D684F027C4C97400754AE9 /* GameViewModel.swift in Sources */,
				C2D684DF27C4A90F00754AE9 /* GameBoard.swift in Sources */,
				C2D684D327C488CB00754AE9 /* Color.Generated.swift in Sources */,
				C2D684E527C4AC1100754AE9 /* GameBoardViewModel.swift in Sources */,
				C2D684EA27C4BA8100754AE9 /* Keyboard.swift in Sources */,
				C2D684DD27C48CB800754AE9 /* Cardify.swift in Sources */,
				C21A167727BCCDF30053DB67 /* ContentView.swift in Sources */,
				C21A167527BCCDF30053DB67 /* WordleApp.swift in Sources */,
				C2D684E727C4ACB200754AE9 /* GuessView.swift in Sources */,
				C2D684D127C4870E00754AE9 /* GameView.swift in Sources */,
				C2D684D527C488D700754AE9 /* Image.Generated.swift in Sources */,
				C21A168A27BCD2F70053DB67 /* KeyCap.swift in Sources */,
			);
			runOnlyForDeploymentPostprocessing = 0;
		};
/* End PBXSourcesBuildPhase section */

/* Begin XCBuildConfiguration section */
		C21A167D27BCCDF40053DB67 /* Debug */ = {
			isa = XCBuildConfiguration;
			buildSettings = {
				ALWAYS_SEARCH_USER_PATHS = NO;
				CLANG_ANALYZER_NONNULL = YES;
				CLANG_ANALYZER_NUMBER_OBJECT_CONVERSION = YES_AGGRESSIVE;
				CLANG_CXX_LANGUAGE_STANDARD = "gnu++17";
				CLANG_CXX_LIBRARY = "libc++";
				CLANG_ENABLE_MODULES = YES;
				CLANG_ENABLE_OBJC_ARC = YES;
				CLANG_ENABLE_OBJC_WEAK = YES;
				CLANG_WARN_BLOCK_CAPTURE_AUTORELEASING = YES;
				CLANG_WARN_BOOL_CONVERSION = YES;
				CLANG_WARN_COMMA = YES;
				CLANG_WARN_CONSTANT_CONVERSION = YES;
				CLANG_WARN_DEPRECATED_OBJC_IMPLEMENTATIONS = YES;
				CLANG_WARN_DIRECT_OBJC_ISA_USAGE = YES_ERROR;
				CLANG_WARN_DOCUMENTATION_COMMENTS = YES;
				CLANG_WARN_EMPTY_BODY = YES;
				CLANG_WARN_ENUM_CONVERSION = YES;
				CLANG_WARN_INFINITE_RECURSION = YES;
				CLANG_WARN_INT_CONVERSION = YES;
				CLANG_WARN_NON_LITERAL_NULL_CONVERSION = YES;
				CLANG_WARN_OBJC_IMPLICIT_RETAIN_SELF = YES;
				CLANG_WARN_OBJC_LITERAL_CONVERSION = YES;
				CLANG_WARN_OBJC_ROOT_CLASS = YES_ERROR;
				CLANG_WARN_QUOTED_INCLUDE_IN_FRAMEWORK_HEADER = YES;
				CLANG_WARN_RANGE_LOOP_ANALYSIS = YES;
				CLANG_WARN_STRICT_PROTOTYPES = YES;
				CLANG_WARN_SUSPICIOUS_MOVE = YES;
				CLANG_WARN_UNGUARDED_AVAILABILITY = YES_AGGRESSIVE;
				CLANG_WARN_UNREACHABLE_CODE = YES;
				CLANG_WARN__DUPLICATE_METHOD_MATCH = YES;
				COPY_PHASE_STRIP = NO;
				DEBUG_INFORMATION_FORMAT = dwarf;
				ENABLE_STRICT_OBJC_MSGSEND = YES;
				ENABLE_TESTABILITY = YES;
				GCC_C_LANGUAGE_STANDARD = gnu11;
				GCC_DYNAMIC_NO_PIC = NO;
				GCC_NO_COMMON_BLOCKS = YES;
				GCC_OPTIMIZATION_LEVEL = 0;
				GCC_PREPROCESSOR_DEFINITIONS = (
					"DEBUG=1",
					"$(inherited)",
				);
				GCC_WARN_64_TO_32_BIT_CONVERSION = YES;
				GCC_WARN_ABOUT_RETURN_TYPE = YES_ERROR;
				GCC_WARN_UNDECLARED_SELECTOR = YES;
				GCC_WARN_UNINITIALIZED_AUTOS = YES_AGGRESSIVE;
				GCC_WARN_UNUSED_FUNCTION = YES;
				GCC_WARN_UNUSED_VARIABLE = YES;
				IPHONEOS_DEPLOYMENT_TARGET = 15.2;
				MTL_ENABLE_DEBUG_INFO = INCLUDE_SOURCE;
				MTL_FAST_MATH = YES;
				ONLY_ACTIVE_ARCH = YES;
				SDKROOT = iphoneos;
				SWIFT_ACTIVE_COMPILATION_CONDITIONS = DEBUG;
				SWIFT_OPTIMIZATION_LEVEL = "-Onone";
			};
			name = Debug;
		};
		C21A167E27BCCDF40053DB67 /* Release */ = {
			isa = XCBuildConfiguration;
			buildSettings = {
				ALWAYS_SEARCH_USER_PATHS = NO;
				CLANG_ANALYZER_NONNULL = YES;
				CLANG_ANALYZER_NUMBER_OBJECT_CONVERSION = YES_AGGRESSIVE;
				CLANG_CXX_LANGUAGE_STANDARD = "gnu++17";
				CLANG_CXX_LIBRARY = "libc++";
				CLANG_ENABLE_MODULES = YES;
				CLANG_ENABLE_OBJC_ARC = YES;
				CLANG_ENABLE_OBJC_WEAK = YES;
				CLANG_WARN_BLOCK_CAPTURE_AUTORELEASING = YES;
				CLANG_WARN_BOOL_CONVERSION = YES;
				CLANG_WARN_COMMA = YES;
				CLANG_WARN_CONSTANT_CONVERSION = YES;
				CLANG_WARN_DEPRECATED_OBJC_IMPLEMENTATIONS = YES;
				CLANG_WARN_DIRECT_OBJC_ISA_USAGE = YES_ERROR;
				CLANG_WARN_DOCUMENTATION_COMMENTS = YES;
				CLANG_WARN_EMPTY_BODY = YES;
				CLANG_WARN_ENUM_CONVERSION = YES;
				CLANG_WARN_INFINITE_RECURSION = YES;
				CLANG_WARN_INT_CONVERSION = YES;
				CLANG_WARN_NON_LITERAL_NULL_CONVERSION = YES;
				CLANG_WARN_OBJC_IMPLICIT_RETAIN_SELF = YES;
				CLANG_WARN_OBJC_LITERAL_CONVERSION = YES;
				CLANG_WARN_OBJC_ROOT_CLASS = YES_ERROR;
				CLANG_WARN_QUOTED_INCLUDE_IN_FRAMEWORK_HEADER = YES;
				CLANG_WARN_RANGE_LOOP_ANALYSIS = YES;
				CLANG_WARN_STRICT_PROTOTYPES = YES;
				CLANG_WARN_SUSPICIOUS_MOVE = YES;
				CLANG_WARN_UNGUARDED_AVAILABILITY = YES_AGGRESSIVE;
				CLANG_WARN_UNREACHABLE_CODE = YES;
				CLANG_WARN__DUPLICATE_METHOD_MATCH = YES;
				COPY_PHASE_STRIP = NO;
				DEBUG_INFORMATION_FORMAT = "dwarf-with-dsym";
				ENABLE_NS_ASSERTIONS = NO;
				ENABLE_STRICT_OBJC_MSGSEND = YES;
				GCC_C_LANGUAGE_STANDARD = gnu11;
				GCC_NO_COMMON_BLOCKS = YES;
				GCC_WARN_64_TO_32_BIT_CONVERSION = YES;
				GCC_WARN_ABOUT_RETURN_TYPE = YES_ERROR;
				GCC_WARN_UNDECLARED_SELECTOR = YES;
				GCC_WARN_UNINITIALIZED_AUTOS = YES_AGGRESSIVE;
				GCC_WARN_UNUSED_FUNCTION = YES;
				GCC_WARN_UNUSED_VARIABLE = YES;
				IPHONEOS_DEPLOYMENT_TARGET = 15.2;
				MTL_ENABLE_DEBUG_INFO = NO;
				MTL_FAST_MATH = YES;
				SDKROOT = iphoneos;
				SWIFT_COMPILATION_MODE = wholemodule;
				SWIFT_OPTIMIZATION_LEVEL = "-O";
				VALIDATE_PRODUCT = YES;
			};
			name = Release;
		};
		C21A168027BCCDF40053DB67 /* Debug */ = {
			isa = XCBuildConfiguration;
			buildSettings = {
				ASSETCATALOG_COMPILER_APPICON_NAME = AppIcon;
				ASSETCATALOG_COMPILER_GLOBAL_ACCENT_COLOR_NAME = AccentColor;
				CODE_SIGN_STYLE = Automatic;
				CURRENT_PROJECT_VERSION = 1;
				DEVELOPMENT_ASSET_PATHS = "\"Wordle/Preview Content\"";
				DEVELOPMENT_TEAM = 7A5GV3DH33;
				ENABLE_PREVIEWS = YES;
				GENERATE_INFOPLIST_FILE = YES;
				INFOPLIST_KEY_UIApplicationSceneManifest_Generation = YES;
				INFOPLIST_KEY_UIApplicationSupportsIndirectInputEvents = YES;
				INFOPLIST_KEY_UILaunchScreen_Generation = YES;
				INFOPLIST_KEY_UIStatusBarHidden = NO;
				INFOPLIST_KEY_UISupportedInterfaceOrientations = UIInterfaceOrientationPortrait;
				INFOPLIST_KEY_UISupportedInterfaceOrientations_iPad = "UIInterfaceOrientationPortrait UIInterfaceOrientationPortraitUpsideDown UIInterfaceOrientationLandscapeLeft UIInterfaceOrientationLandscapeRight";
				INFOPLIST_KEY_UISupportedInterfaceOrientations_iPhone = "UIInterfaceOrientationPortrait UIInterfaceOrientationLandscapeLeft UIInterfaceOrientationLandscapeRight";
				LD_RUNPATH_SEARCH_PATHS = (
					"$(inherited)",
					"@executable_path/Frameworks",
				);
				MARKETING_VERSION = 1.0;
				PRODUCT_BUNDLE_IDENTIFIER = io.ijk.Wordle;
				PRODUCT_NAME = "$(TARGET_NAME)";
				SWIFT_EMIT_LOC_STRINGS = YES;
				SWIFT_VERSION = 5.0;
				TARGETED_DEVICE_FAMILY = 1;
			};
			name = Debug;
		};
		C21A168127BCCDF40053DB67 /* Release */ = {
			isa = XCBuildConfiguration;
			buildSettings = {
				ASSETCATALOG_COMPILER_APPICON_NAME = AppIcon;
				ASSETCATALOG_COMPILER_GLOBAL_ACCENT_COLOR_NAME = AccentColor;
				CODE_SIGN_STYLE = Automatic;
				CURRENT_PROJECT_VERSION = 1;
				DEVELOPMENT_ASSET_PATHS = "\"Wordle/Preview Content\"";
				DEVELOPMENT_TEAM = 7A5GV3DH33;
				ENABLE_PREVIEWS = YES;
				GENERATE_INFOPLIST_FILE = YES;
				INFOPLIST_KEY_UIApplicationSceneManifest_Generation = YES;
				INFOPLIST_KEY_UIApplicationSupportsIndirectInputEvents = YES;
				INFOPLIST_KEY_UILaunchScreen_Generation = YES;
				INFOPLIST_KEY_UIStatusBarHidden = NO;
				INFOPLIST_KEY_UISupportedInterfaceOrientations = UIInterfaceOrientationPortrait;
				INFOPLIST_KEY_UISupportedInterfaceOrientations_iPad = "UIInterfaceOrientationPortrait UIInterfaceOrientationPortraitUpsideDown UIInterfaceOrientationLandscapeLeft UIInterfaceOrientationLandscapeRight";
				INFOPLIST_KEY_UISupportedInterfaceOrientations_iPhone = "UIInterfaceOrientationPortrait UIInterfaceOrientationLandscapeLeft UIInterfaceOrientationLandscapeRight";
				LD_RUNPATH_SEARCH_PATHS = (
					"$(inherited)",
					"@executable_path/Frameworks",
				);
				MARKETING_VERSION = 1.0;
				PRODUCT_BUNDLE_IDENTIFIER = io.ijk.Wordle;
				PRODUCT_NAME = "$(TARGET_NAME)";
				SWIFT_EMIT_LOC_STRINGS = YES;
				SWIFT_VERSION = 5.0;
				TARGETED_DEVICE_FAMILY = 1;
			};
			name = Release;
		};
/* End XCBuildConfiguration section */

/* Begin XCConfigurationList section */
		C21A166C27BCCDF30053DB67 /* Build configuration list for PBXProject "Wordle" */ = {
			isa = XCConfigurationList;
			buildConfigurations = (
				C21A167D27BCCDF40053DB67 /* Debug */,
				C21A167E27BCCDF40053DB67 /* Release */,
			);
			defaultConfigurationIsVisible = 0;
			defaultConfigurationName = Release;
		};
		C21A167F27BCCDF40053DB67 /* Build configuration list for PBXNativeTarget "Wordle" */ = {
			isa = XCConfigurationList;
			buildConfigurations = (
				C21A168027BCCDF40053DB67 /* Debug */,
				C21A168127BCCDF40053DB67 /* Release */,
			);
			defaultConfigurationIsVisible = 0;
			defaultConfigurationName = Release;
		};
/* End XCConfigurationList section */
	};
	rootObject = C21A166927BCCDF30053DB67 /* Project object */;
}
